
Microsoft Visual Studio Solution File, Format Version 12.00
# Visual Studio Version 17
VisualStudioVersion = 17.9.34622.214
MinimumVisualStudioVersion = 10.0.40219.1
Project("{FAE04EC0-301F-11D3-BF4B-00C04F79EFBC}") = "MiniMart", "WindowsFormsApp1\MiniMart.csproj", "{454E3720-5AE0-4037-B7EF-DF79F48D1B8F}"
EndProject
Global
	GlobalSection(SolutionConfigurationPlatforms) = preSolution
		Debug|Any CPU = Debug|Any CPU
		Release|Any CPU = Release|Any CPU
	EndGlobalSection
	GlobalSection(ProjectConfigurationPlatforms) = postSolution
		{454E3720-5AE0-4037-B7EF-DF79F48D1B8F}.Debug|Any CPU.ActiveCfg = Debug|Any CPU
		{454E3720-5AE0-4037-B7EF-DF79F48D1B8F}.Debug|Any CPU.Build.0 = Debug|Any CPU
		{454E3720-5AE0-4037-B7EF-DF79F48D1B8F}.Release|Any CPU.ActiveCfg = Release|Any CPU
		{454E3720-5AE0-4037-B7EF-DF79F48D1B8F}.Release|Any CPU.Build.0 = Release|Any CPU
	EndGlobalSection
	GlobalSection(SolutionProperties) = preSolution
		HideSolutionNode = FALSE
	EndGlobalSection
	GlobalSection(ExtensibilityGlobals) = postSolution
		SolutionGuid = {CCD1DBC7-3553-4B5B-860A-8B4A25CF687F}
	EndGlobalSection
EndGlobal
